// !$*UTF8*$!
{
	archiveVersion = 1;
	classes = {
	};
	objectVersion = 50;
	objects = {

/* Begin PBXBuildFile section */
		C5DC1A8220FDFB06006A5602 /* AppDelegate.swift in Sources */ = {isa = PBXBuildFile; fileRef = C5DC1A8120FDFB06006A5602 /* AppDelegate.swift */; };
		C5DC1A8720FDFB06006A5602 /* Main.storyboard in Resources */ = {isa = PBXBuildFile; fileRef = C5DC1A8520FDFB06006A5602 /* Main.storyboard */; };
		C5DC1A8920FDFB08006A5602 /* Assets.xcassets in Resources */ = {isa = PBXBuildFile; fileRef = C5DC1A8820FDFB08006A5602 /* Assets.xcassets */; };
		C5DC1A8C20FDFB08006A5602 /* LaunchScreen.storyboard in Resources */ = {isa = PBXBuildFile; fileRef = C5DC1A8A20FDFB08006A5602 /* LaunchScreen.storyboard */; };
		C5DC1A9620FF8BC8006A5602 /* WKWebVC.swift in Sources */ = {isa = PBXBuildFile; fileRef = C5DC1A9520FF8BC8006A5602 /* WKWebVC.swift */; };
		C5DC1A9D20FFC317006A5602 /* DropDownButton.swift in Sources */ = {isa = PBXBuildFile; fileRef = C5DC1A9C20FFC317006A5602 /* DropDownButton.swift */; };
		C5DC1AA020FFC55C006A5602 /* DropDownView.swift in Sources */ = {isa = PBXBuildFile; fileRef = C5DC1A9F20FFC55C006A5602 /* DropDownView.swift */; };
/* End PBXBuildFile section */

/* Begin PBXFileReference section */
		C5DC1A7E20FDFB06006A5602 /* softevolTask.app */ = {isa = PBXFileReference; explicitFileType = wrapper.application; includeInIndex = 0; path = softevolTask.app; sourceTree = BUILT_PRODUCTS_DIR; };
		C5DC1A8120FDFB06006A5602 /* AppDelegate.swift */ = {isa = PBXFileReference; lastKnownFileType = sourcecode.swift; path = AppDelegate.swift; sourceTree = "<group>"; };
		C5DC1A8620FDFB06006A5602 /* Base */ = {isa = PBXFileReference; lastKnownFileType = file.storyboard; name = Base; path = Base.lproj/Main.storyboard; sourceTree = "<group>"; };
		C5DC1A8820FDFB08006A5602 /* Assets.xcassets */ = {isa = PBXFileReference; lastKnownFileType = folder.assetcatalog; path = Assets.xcassets; sourceTree = "<group>"; };
		C5DC1A8B20FDFB08006A5602 /* Base */ = {isa = PBXFileReference; lastKnownFileType = file.storyboard; name = Base; path = Base.lproj/LaunchScreen.storyboard; sourceTree = "<group>"; };
		C5DC1A8D20FDFB08006A5602 /* Info.plist */ = {isa = PBXFileReference; lastKnownFileType = text.plist.xml; path = Info.plist; sourceTree = "<group>"; };
		C5DC1A9520FF8BC8006A5602 /* WKWebVC.swift */ = {isa = PBXFileReference; lastKnownFileType = sourcecode.swift; path = WKWebVC.swift; sourceTree = "<group>"; };
		C5DC1A9C20FFC317006A5602 /* DropDownButton.swift */ = {isa = PBXFileReference; lastKnownFileType = sourcecode.swift; path = DropDownButton.swift; sourceTree = "<group>"; };
		C5DC1A9F20FFC55C006A5602 /* DropDownView.swift */ = {isa = PBXFileReference; lastKnownFileType = sourcecode.swift; path = DropDownView.swift; sourceTree = "<group>"; };
/* End PBXFileReference section */

/* Begin PBXFrameworksBuildPhase section */
		C5DC1A7B20FDFB06006A5602 /* Frameworks */ = {
			isa = PBXFrameworksBuildPhase;
			buildActionMask = 2147483647;
			files = (
			);
			runOnlyForDeploymentPostprocessing = 0;
		};
/* End PBXFrameworksBuildPhase section */

/* Begin PBXGroup section */
		C5DC1A7520FDFB06006A5602 = {
			isa = PBXGroup;
			children = (
				C5DC1A8020FDFB06006A5602 /* softevolTask */,
				C5DC1A7F20FDFB06006A5602 /* Products */,
			);
			sourceTree = "<group>";
		};
		C5DC1A7F20FDFB06006A5602 /* Products */ = {
			isa = PBXGroup;
			children = (
				C5DC1A7E20FDFB06006A5602 /* softevolTask.app */,
			);
			name = Products;
			sourceTree = "<group>";
		};
		C5DC1A8020FDFB06006A5602 /* softevolTask */ = {
			isa = PBXGroup;
			children = (
				C5DC1A8120FDFB06006A5602 /* AppDelegate.swift */,
				C5DC1A9720FF8BCD006A5602 /* Classes */,
				C5DC1A9920FF8C1C006A5602 /* Storyboards */,
				C5DC1A9B20FF8C56006A5602 /* Resources */,
				C5DC1A9A20FF8C42006A5602 /* Configs */,
			);
			path = softevolTask;
			sourceTree = "<group>";
		};
		C5DC1A9720FF8BCD006A5602 /* Classes */ = {
			isa = PBXGroup;
			children = (
				C5DC1A9820FF8BF7006A5602 /* Controllers */,
				C5DC1A9E20FFC31E006A5602 /* CustomUI */,
			);
			path = Classes;
			sourceTree = "<group>";
		};
		C5DC1A9820FF8BF7006A5602 /* Controllers */ = {
			isa = PBXGroup;
			children = (
				C5DC1A9520FF8BC8006A5602 /* WKWebVC.swift */,
			);
			path = Controllers;
			sourceTree = "<group>";
		};
		C5DC1A9920FF8C1C006A5602 /* Storyboards */ = {
			isa = PBXGroup;
			children = (
				C5DC1A8520FDFB06006A5602 /* Main.storyboard */,
				C5DC1A8A20FDFB08006A5602 /* LaunchScreen.storyboard */,
			);
			path = Storyboards;
			sourceTree = "<group>";
		};
		C5DC1A9A20FF8C42006A5602 /* Configs */ = {
			isa = PBXGroup;
			children = (
				C5DC1A8D20FDFB08006A5602 /* Info.plist */,
			);
			path = Configs;
			sourceTree = "<group>";
		};
		C5DC1A9B20FF8C56006A5602 /* Resources */ = {
			isa = PBXGroup;
			children = (
				C5DC1A8820FDFB08006A5602 /* Assets.xcassets */,
			);
			path = Resources;
			sourceTree = "<group>";
		};
		C5DC1A9E20FFC31E006A5602 /* CustomUI */ = {
			isa = PBXGroup;
			children = (
				C5DC1A9C20FFC317006A5602 /* DropDownButton.swift */,
				C5DC1A9F20FFC55C006A5602 /* DropDownView.swift */,
			);
			path = CustomUI;
			sourceTree = "<group>";
		};
/* End PBXGroup section */

/* Begin PBXNativeTarget section */
		C5DC1A7D20FDFB06006A5602 /* softevolTask */ = {
			isa = PBXNativeTarget;
			buildConfigurationList = C5DC1A9020FDFB08006A5602 /* Build configuration list for PBXNativeTarget "softevolTask" */;
			buildPhases = (
				C5DC1A7A20FDFB06006A5602 /* Sources */,
				C5DC1A7B20FDFB06006A5602 /* Frameworks */,
				C5DC1A7C20FDFB06006A5602 /* Resources */,
			);
			buildRules = (
			);
			dependencies = (
			);
			name = softevolTask;
			productName = softevolTask;
			productReference = C5DC1A7E20FDFB06006A5602 /* softevolTask.app */;
			productType = "com.apple.product-type.application";
		};
/* End PBXNativeTarget section */

/* Begin PBXProject section */
		C5DC1A7620FDFB06006A5602 /* Project object */ = {
			isa = PBXProject;
			attributes = {
				LastSwiftUpdateCheck = 0940;
				LastUpgradeCheck = 0940;
				ORGANIZATIONNAME = Serhii;
				TargetAttributes = {
					C5DC1A7D20FDFB06006A5602 = {
						CreatedOnToolsVersion = 9.4.1;
					};
				};
			};
			buildConfigurationList = C5DC1A7920FDFB06006A5602 /* Build configuration list for PBXProject "softevolTask" */;
			compatibilityVersion = "Xcode 9.3";
			developmentRegion = en;
			hasScannedForEncodings = 0;
			knownRegions = (
				en,
				Base,
			);
			mainGroup = C5DC1A7520FDFB06006A5602;
			productRefGroup = C5DC1A7F20FDFB06006A5602 /* Products */;
			projectDirPath = "";
			projectRoot = "";
			targets = (
				C5DC1A7D20FDFB06006A5602 /* softevolTask */,
			);
		};
/* End PBXProject section */

/* Begin PBXResourcesBuildPhase section */
		C5DC1A7C20FDFB06006A5602 /* Resources */ = {
			isa = PBXResourcesBuildPhase;
			buildActionMask = 2147483647;
			files = (
				C5DC1A8C20FDFB08006A5602 /* LaunchScreen.storyboard in Resources */,
				C5DC1A8920FDFB08006A5602 /* Assets.xcassets in Resources */,
				C5DC1A8720FDFB06006A5602 /* Main.storyboard in Resources */,
			);
			runOnlyForDeploymentPostprocessing = 0;
		};
/* End PBXResourcesBuildPhase section */

/* Begin PBXSourcesBuildPhase section */
		C5DC1A7A20FDFB06006A5602 /* Sources */ = {
			isa = PBXSourcesBuildPhase;
			buildActionMask = 2147483647;
			files = (
				C5DC1A8220FDFB06006A5602 /* AppDelegate.swift in Sources */,
				C5DC1AA020FFC55C006A5602 /* DropDownView.swift in Sources */,
				C5DC1A9620FF8BC8006A5602 /* WKWebVC.swift in Sources */,
				C5DC1A9D20FFC317006A5602 /* DropDownButton.swift in Sources */,
			);
			runOnlyForDeploymentPostprocessing = 0;
		};
/* End PBXSourcesBuildPhase section */

/* Begin PBXVariantGroup section */
		C5DC1A8520FDFB06006A5602 /* Main.storyboard */ = {
			isa = PBXVariantGroup;
			children = (
				C5DC1A8620FDFB06006A5602 /* Base */,
			);
			name = Main.storyboard;
			sourceTree = "<group>";
		};
		C5DC1A8A20FDFB08006A5602 /* LaunchScreen.storyboard */ = {
			isa = PBXVariantGroup;
			children = (
				C5DC1A8B20FDFB08006A5602 /* Base */,
			);
			name = LaunchScreen.storyboard;
			sourceTree = "<group>";
		};
/* End PBXVariantGroup section */

/* Begin XCBuildConfiguration section */
		C5DC1A8E20FDFB08006A5602 /* Debug */ = {
			isa = XCBuildConfiguration;
			buildSettings = {
				ALWAYS_SEARCH_USER_PATHS = NO;
				CLANG_ANALYZER_NONNULL = YES;
				CLANG_ANALYZER_NUMBER_OBJECT_CONVERSION = YES_AGGRESSIVE;
				CLANG_CXX_LANGUAGE_STANDARD = "gnu++14";
				CLANG_CXX_LIBRARY = "libc++";
				CLANG_ENABLE_MODULES = YES;
				CLANG_ENABLE_OBJC_ARC = YES;
				CLANG_ENABLE_OBJC_WEAK = YES;
				CLANG_WARN_BLOCK_CAPTURE_AUTORELEASING = YES;
				CLANG_WARN_BOOL_CONVERSION = YES;
				CLANG_WARN_COMMA = YES;
				CLANG_WARN_CONSTANT_CONVERSION = YES;
				CLANG_WARN_DEPRECATED_OBJC_IMPLEMENTATIONS = YES;
				CLANG_WARN_DIRECT_OBJC_ISA_USAGE = YES_ERROR;
				CLANG_WARN_DOCUMENTATION_COMMENTS = YES;
				CLANG_WARN_EMPTY_BODY = YES;
				CLANG_WARN_ENUM_CONVERSION = YES;
				CLANG_WARN_INFINITE_RECURSION = YES;
				CLANG_WARN_INT_CONVERSION = YES;
				CLANG_WARN_NON_LITERAL_NULL_CONVERSION = YES;
				CLANG_WARN_OBJC_IMPLICIT_RETAIN_SELF = YES;
				CLANG_WARN_OBJC_LITERAL_CONVERSION = YES;
				CLANG_WARN_OBJC_ROOT_CLASS = YES_ERROR;
				CLANG_WARN_RANGE_LOOP_ANALYSIS = YES;
				CLANG_WARN_STRICT_PROTOTYPES = YES;
				CLANG_WARN_SUSPICIOUS_MOVE = YES;
				CLANG_WARN_UNGUARDED_AVAILABILITY = YES_AGGRESSIVE;
				CLANG_WARN_UNREACHABLE_CODE = YES;
				CLANG_WARN__DUPLICATE_METHOD_MATCH = YES;
				CODE_SIGN_IDENTITY = "iPhone Developer";
				COPY_PHASE_STRIP = NO;
				DEBUG_INFORMATION_FORMAT = dwarf;
				ENABLE_STRICT_OBJC_MSGSEND = YES;
				ENABLE_TESTABILITY = YES;
				GCC_C_LANGUAGE_STANDARD = gnu11;
				GCC_DYNAMIC_NO_PIC = NO;
				GCC_NO_COMMON_BLOCKS = YES;
				GCC_OPTIMIZATION_LEVEL = 0;
				GCC_PREPROCESSOR_DEFINITIONS = (
					"DEBUG=1",
					"$(inherited)",
				);
				GCC_WARN_64_TO_32_BIT_CONVERSION = YES;
				GCC_WARN_ABOUT_RETURN_TYPE = YES_ERROR;
				GCC_WARN_UNDECLARED_SELECTOR = YES;
				GCC_WARN_UNINITIALIZED_AUTOS = YES_AGGRESSIVE;
				GCC_WARN_UNUSED_FUNCTION = YES;
				GCC_WARN_UNUSED_VARIABLE = YES;
				IPHONEOS_DEPLOYMENT_TARGET = 11.4;
				MTL_ENABLE_DEBUG_INFO = YES;
				ONLY_ACTIVE_ARCH = YES;
				SDKROOT = iphoneos;
				SWIFT_ACTIVE_COMPILATION_CONDITIONS = DEBUG;
				SWIFT_OPTIMIZATION_LEVEL = "-Onone";
			};
			name = Debug;
		};
		C5DC1A8F20FDFB08006A5602 /* Release */ = {
			isa = XCBuildConfiguration;
			buildSettings = {
				ALWAYS_SEARCH_USER_PATHS = NO;
				CLANG_ANALYZER_NONNULL = YES;
				CLANG_ANALYZER_NUMBER_OBJECT_CONVERSION = YES_AGGRESSIVE;
				CLANG_CXX_LANGUAGE_STANDARD = "gnu++14";
				CLANG_CXX_LIBRARY = "libc++";
				CLANG_ENABLE_MODULES = YES;
				CLANG_ENABLE_OBJC_ARC = YES;
				CLANG_ENABLE_OBJC_WEAK = YES;
				CLANG_WARN_BLOCK_CAPTURE_AUTORELEASING = YES;
				CLANG_WARN_BOOL_CONVERSION = YES;
				CLANG_WARN_COMMA = YES;
				CLANG_WARN_CONSTANT_CONVERSION = YES;
				CLANG_WARN_DEPRECATED_OBJC_IMPLEMENTATIONS = YES;
				CLANG_WARN_DIRECT_OBJC_ISA_USAGE = YES_ERROR;
				CLANG_WARN_DOCUMENTATION_COMMENTS = YES;
				CLANG_WARN_EMPTY_BODY = YES;
				CLANG_WARN_ENUM_CONVERSION = YES;
				CLANG_WARN_INFINITE_RECURSION = YES;
				CLANG_WARN_INT_CONVERSION = YES;
				CLANG_WARN_NON_LITERAL_NULL_CONVERSION = YES;
				CLANG_WARN_OBJC_IMPLICIT_RETAIN_SELF = YES;
				CLANG_WARN_OBJC_LITERAL_CONVERSION = YES;
				CLANG_WARN_OBJC_ROOT_CLASS = YES_ERROR;
				CLANG_WARN_RANGE_LOOP_ANALYSIS = YES;
				CLANG_WARN_STRICT_PROTOTYPES = YES;
				CLANG_WARN_SUSPICIOUS_MOVE = YES;
				CLANG_WARN_UNGUARDED_AVAILABILITY = YES_AGGRESSIVE;
				CLANG_WARN_UNREACHABLE_CODE = YES;
				CLANG_WARN__DUPLICATE_METHOD_MATCH = YES;
				CODE_SIGN_IDENTITY = "iPhone Developer";
				COPY_PHASE_STRIP = NO;
				DEBUG_INFORMATION_FORMAT = "dwarf-with-dsym";
				ENABLE_NS_ASSERTIONS = NO;
				ENABLE_STRICT_OBJC_MSGSEND = YES;
				GCC_C_LANGUAGE_STANDARD = gnu11;
				GCC_NO_COMMON_BLOCKS = YES;
				GCC_WARN_64_TO_32_BIT_CONVERSION = YES;
				GCC_WARN_ABOUT_RETURN_TYPE = YES_ERROR;
				GCC_WARN_UNDECLARED_SELECTOR = YES;
				GCC_WARN_UNINITIALIZED_AUTOS = YES_AGGRESSIVE;
				GCC_WARN_UNUSED_FUNCTION = YES;
				GCC_WARN_UNUSED_VARIABLE = YES;
				IPHONEOS_DEPLOYMENT_TARGET = 11.4;
				MTL_ENABLE_DEBUG_INFO = NO;
				SDKROOT = iphoneos;
				SWIFT_COMPILATION_MODE = wholemodule;
				SWIFT_OPTIMIZATION_LEVEL = "-O";
				VALIDATE_PRODUCT = YES;
			};
			name = Release;
		};
		C5DC1A9120FDFB08006A5602 /* Debug */ = {
			isa = XCBuildConfiguration;
			buildSettings = {
				ASSETCATALOG_COMPILER_APPICON_NAME = AppIcon;
				CODE_SIGN_STYLE = Automatic;
				DEVELOPMENT_TEAM = 9VM57AG273;
				INFOPLIST_FILE = "$(SRCROOT)/softevolTask/Configs/Info.plist";
				LD_RUNPATH_SEARCH_PATHS = (
					"$(inherited)",
					"@executable_path/Frameworks",
				);
				PRODUCT_BUNDLE_IDENTIFIER = Serhii.Vovkotrub.softevolTask;
				PRODUCT_NAME = "$(TARGET_NAME)";
				SWIFT_VERSION = 4.0;
				TARGETED_DEVICE_FAMILY = "1,2";
			};
			name = Debug;
		};
		C5DC1A9220FDFB08006A5602 /* Release */ = {
			isa = XCBuildConfiguration;
			buildSettings = {
				ASSETCATALOG_COMPILER_APPICON_NAME = AppIcon;
				CODE_SIGN_STYLE = Automatic;
				DEVELOPMENT_TEAM = 9VM57AG273;
				INFOPLIST_FILE = "$(SRCROOT)/softevolTask/Configs/Info.plist";
				LD_RUNPATH_SEARCH_PATHS = (
					"$(inherited)",
					"@executable_path/Frameworks",
				);
				PRODUCT_BUNDLE_IDENTIFIER = Serhii.Vovkotrub.softevolTask;
				PRODUCT_NAME = "$(TARGET_NAME)";
				SWIFT_VERSION = 4.0;
				TARGETED_DEVICE_FAMILY = "1,2";
			};
			name = Release;
		};
/* End XCBuildConfiguration section */

/* Begin XCConfigurationList section */
		C5DC1A7920FDFB06006A5602 /* Build configuration list for PBXProject "softevolTask" */ = {
			isa = XCConfigurationList;
			buildConfigurations = (
				C5DC1A8E20FDFB08006A5602 /* Debug */,
				C5DC1A8F20FDFB08006A5602 /* Release */,
			);
			defaultConfigurationIsVisible = 0;
			defaultConfigurationName = Release;
		};
		C5DC1A9020FDFB08006A5602 /* Build configuration list for PBXNativeTarget "softevolTask" */ = {
			isa = XCConfigurationList;
			buildConfigurations = (
				C5DC1A9120FDFB08006A5602 /* Debug */,
				C5DC1A9220FDFB08006A5602 /* Release */,
			);
			defaultConfigurationIsVisible = 0;
			defaultConfigurationName = Release;
		};
/* End XCConfigurationList section */
	};
	rootObject = C5DC1A7620FDFB06006A5602 /* Project object */;
}
